{
  "name": "node-swift-example",
  "version": "1.0.0",
  "lockfileVersion": 2,
  "requires": true,
  "packages": {
    "": {
      "name": "node-swift-example",
      "version": "1.0.0",
      "hasInstallScript": true,
      "license": "UNLICENSED",
      "dependencies": {
        "node-swift": "file:.."
      }
    },
    "..": {
      "version": "1.0.0",
      "license": "UNLICENSED",
      "dependencies": {
        "import-cwd": "^3.0.0"
      },
      "bin": {
        "node-swift": "lib/index.js"
      },
      "devDependencies": {
        "mocha": "^8.4.0"
      }
    },
    "node_modules/node-swift": {
      "resolved": "..",
      "link": true
    }
  },
  "dependencies": {
    "node-swift": {
      "version": "file:..",
      "requires": {
        "import-cwd": "^3.0.0",
        "mocha": "^8.4.0"
      }
    }
  }
}
