{
  "name": "node-swift-example",
  "version": "1.0.0",
  "lockfileVersion": 2,
  "requires": true,
  "packages": {
    "": {
      "name": "node-swift-example",
      "version": "1.0.0",
      "hasInstallScript": true,
      "license": "CC0-1.0",
      "dependencies": {
        "node-swift": "file:.."
      }
    },
    "..": {
      "version": "1.0.0",
      "license": "MIT",
      "dependencies": {
        "import-cwd": "^3.0.0"
      },
      "bin": {
        "node-swift": "lib/cli.js"
      },
      "devDependencies": {
        "@types/node": "^16.9.0",
        "@typescript-eslint/eslint-plugin": "^4.31.0",
        "@typescript-eslint/parser": "^4.31.0",
        "eslint": "^7.2.0",
        "eslint-config-airbnb-base": "^14.2.1",
        "eslint-config-airbnb-typescript": "^14.0.0",
        "eslint-plugin-import": "^2.22.1",
        "mocha": "^9.1.0",
        "typescript": "^4.4.2"
      }
    },
    "node_modules/node-swift": {
      "resolved": "..",
      "link": true
    }
  },
  "dependencies": {
    "node-swift": {
      "version": "file:..",
      "requires": {
        "@types/node": "^16.9.0",
        "@typescript-eslint/eslint-plugin": "^4.31.0",
        "@typescript-eslint/parser": "^4.31.0",
        "eslint": "^7.2.0",
        "eslint-config-airbnb-base": "^14.2.1",
        "eslint-config-airbnb-typescript": "^14.0.0",
        "eslint-plugin-import": "^2.22.1",
        "import-cwd": "^3.0.0",
        "mocha": "^9.1.0",
        "typescript": "^4.4.2"
      }
    }
  }
}
