{
  "name": "npm-build-swift",
  "version": "1.0.0",
  "lockfileVersion": 2,
  "requires": true,
  "packages": {
    "": {
      "name": "npm-build-swift",
      "version": "1.0.0",
      "hasInstallScript": true,
      "license": "UNLICENSED",
      "bin": {
        "npm-build-swift": "npm-build-swift.js"
      }
    }
  }
}
