{
  "name": "node-swift-push-notifications",
  "version": "1.0.0",
  "lockfileVersion": 2,
  "requires": true,
  "packages": {
    "": {
      "name": "node-swift-push-notifications",
      "version": "1.0.0",
      "hasInstallScript": true,
      "license": "CC0-1.0",
      "dependencies": {
        "node-swift": "file:.."
      }
    },
    "node_modules/import-cwd": {
      "version": "3.0.0",
      "resolved": "https://registry.npmjs.org/import-cwd/-/import-cwd-3.0.0.tgz",
      "integrity": "sha512-4pnzH16plW+hgvRECbDWpQl3cqtvSofHWh44met7ESfZ8UZOWWddm8hEyDTqREJ9RbYHY8gi8DqmaelApoOGMg==",
      "dependencies": {
        "import-from": "^3.0.0"
      },
      "engines": {
        "node": ">=8"
      }
    },
    "node_modules/import-from": {
      "version": "3.0.0",
      "resolved": "https://registry.npmjs.org/import-from/-/import-from-3.0.0.tgz",
      "integrity": "sha512-CiuXOFFSzkU5x/CR0+z7T91Iht4CXgfCxVOFRhh2Zyhg5wOpWvvDLQUsWl+gcN+QscYBjez8hDCt85O7RLDttQ==",
      "dependencies": {
        "resolve-from": "^5.0.0"
      },
      "engines": {
        "node": ">=8"
      }
    },
    "node_modules/node-swift": {
      "version": "1.0.0",
      "resolved": "file:..",
      "license": "MIT",
      "dependencies": {
        "import-cwd": "^3.0.0"
      },
      "bin": {
        "node-swift": "lib/cli.js"
      }
    },
    "node_modules/resolve-from": {
      "version": "5.0.0",
      "resolved": "https://registry.npmjs.org/resolve-from/-/resolve-from-5.0.0.tgz",
      "integrity": "sha512-qYg9KP24dD5qka9J47d0aVky0N+b4fTU89LN9iDnjB5waksiC49rvMB0PrUJQGoTmH50XPiqOvAjDfaijGxYZw==",
      "engines": {
        "node": ">=8"
      }
    }
  },
  "dependencies": {
    "import-cwd": {
      "version": "3.0.0",
      "resolved": "https://registry.npmjs.org/import-cwd/-/import-cwd-3.0.0.tgz",
      "integrity": "sha512-4pnzH16plW+hgvRECbDWpQl3cqtvSofHWh44met7ESfZ8UZOWWddm8hEyDTqREJ9RbYHY8gi8DqmaelApoOGMg==",
      "requires": {
        "import-from": "^3.0.0"
      }
    },
    "import-from": {
      "version": "3.0.0",
      "resolved": "https://registry.npmjs.org/import-from/-/import-from-3.0.0.tgz",
      "integrity": "sha512-CiuXOFFSzkU5x/CR0+z7T91Iht4CXgfCxVOFRhh2Zyhg5wOpWvvDLQUsWl+gcN+QscYBjez8hDCt85O7RLDttQ==",
      "requires": {
        "resolve-from": "^5.0.0"
      }
    },
    "node-swift": {
      "version": "1.0.0",
      "requires": {
        "import-cwd": "^3.0.0"
      }
    },
    "resolve-from": {
      "version": "5.0.0",
      "resolved": "https://registry.npmjs.org/resolve-from/-/resolve-from-5.0.0.tgz",
      "integrity": "sha512-qYg9KP24dD5qka9J47d0aVky0N+b4fTU89LN9iDnjB5waksiC49rvMB0PrUJQGoTmH50XPiqOvAjDfaijGxYZw=="
    }
  }
}
